github.com/olbrew/hermit v1.3.0 h1:MqqjwVEXivpuZcknQxEQEHYYyW1mgTOgBbS0HAjlcYo=
github.com/olbrew/hermit v1.3.0/go.mod h1:NMEGXdNoHBD6Ghzs41TeuozHwRvMel0+3PtA2l1Y7ig=
github.com/olbrew/hermit v1.3.1-0.20221115153250-37cb9226c91d h1:/61UI1kJXu4GG+okkDE/3Ke0NVgTWbnrqM+sHbW5Ge8=
github.com/olbrew/hermit v1.3.1-0.20221115153250-37cb9226c91d/go.mod h1:NMEGXdNoHBD6Ghzs41TeuozHwRvMel0+3PtA2l1Y7ig=
