github.com/olbrew/hermit v1.2.2 h1:k+wN+1inT/lR42RC8qWTmVrWMdDNLxjDEU+RaV7B/io=
github.com/olbrew/hermit v1.2.2/go.mod h1:QqyLNRQxgcTBSeNF4eJDPR63knxNBjYp2C3SJLAFsf0=
github.com/olbrew/hermit v1.2.3-0.20220127002032-dfede1eacbf7 h1:JOJDRDbetLgeInJAkjEoLOn147Vxs22P1zodkwPhkRM=
github.com/olbrew/hermit v1.2.3-0.20220127002032-dfede1eacbf7/go.mod h1:NMEGXdNoHBD6Ghzs41TeuozHwRvMel0+3PtA2l1Y7ig=
